// !$*UTF8*$!
{
	archiveVersion = 1;
	classes = {
	};
	objectVersion = 46;
	objects = {

/* Begin PBXBuildFile section */
		CE05C7A11D6D207700E39EAA /* main.m in Sources */ = {isa = PBXBuildFile; fileRef = CE05C7A01D6D207700E39EAA /* main.m */; };
		CE05C7A41D6D207700E39EAA /* AppDelegate.m in Sources */ = {isa = PBXBuildFile; fileRef = CE05C7A31D6D207700E39EAA /* AppDelegate.m */; };
		CE05C7A71D6D207700E39EAA /* ViewController.m in Sources */ = {isa = PBXBuildFile; fileRef = CE05C7A61D6D207700E39EAA /* ViewController.m */; };
		CE05C7AA1D6D207700E39EAA /* Main.storyboard in Resources */ = {isa = PBXBuildFile; fileRef = CE05C7A81D6D207700E39EAA /* Main.storyboard */; };
		CE05C7AC1D6D207700E39EAA /* Assets.xcassets in Resources */ = {isa = PBXBuildFile; fileRef = CE05C7AB1D6D207700E39EAA /* Assets.xcassets */; };
		CE05C7AF1D6D207700E39EAA /* LaunchScreen.storyboard in Resources */ = {isa = PBXBuildFile; fileRef = CE05C7AD1D6D207700E39EAA /* LaunchScreen.storyboard */; };
		CE05C7B81D6D2CA500E39EAA /* Calculator.m in Sources */ = {isa = PBXBuildFile; fileRef = CE05C7B71D6D2CA500E39EAA /* Calculator.m */; };
/* End PBXBuildFile section */

/* Begin PBXFileReference section */
		CE05C79C1D6D207700E39EAA /* Calculator.app */ = {isa = PBXFileReference; explicitFileType = wrapper.application; includeInIndex = 0; path = Calculator.app; sourceTree = BUILT_PRODUCTS_DIR; };
		CE05C7A01D6D207700E39EAA /* main.m */ = {isa = PBXFileReference; lastKnownFileType = sourcecode.c.objc; path = main.m; sourceTree = "<group>"; };
		CE05C7A21D6D207700E39EAA /* AppDelegate.h */ = {isa = PBXFileReference; lastKnownFileType = sourcecode.c.h; path = AppDelegate.h; sourceTree = "<group>"; };
		CE05C7A31D6D207700E39EAA /* AppDelegate.m */ = {isa = PBXFileReference; lastKnownFileType = sourcecode.c.objc; path = AppDelegate.m; sourceTree = "<group>"; };
		CE05C7A51D6D207700E39EAA /* ViewController.h */ = {isa = PBXFileReference; lastKnownFileType = sourcecode.c.h; path = ViewController.h; sourceTree = "<group>"; };
		CE05C7A61D6D207700E39EAA /* ViewController.m */ = {isa = PBXFileReference; lastKnownFileType = sourcecode.c.objc; path = ViewController.m; sourceTree = "<group>"; };
		CE05C7A91D6D207700E39EAA /* Base */ = {isa = PBXFileReference; lastKnownFileType = file.storyboard; name = Base; path = Base.lproj/Main.storyboard; sourceTree = "<group>"; };
		CE05C7AB1D6D207700E39EAA /* Assets.xcassets */ = {isa = PBXFileReference; lastKnownFileType = folder.assetcatalog; path = Assets.xcassets; sourceTree = "<group>"; };
		CE05C7AE1D6D207700E39EAA /* Base */ = {isa = PBXFileReference; lastKnownFileType = file.storyboard; name = Base; path = Base.lproj/LaunchScreen.storyboard; sourceTree = "<group>"; };
		CE05C7B01D6D207700E39EAA /* Info.plist */ = {isa = PBXFileReference; lastKnownFileType = text.plist.xml; path = Info.plist; sourceTree = "<group>"; };
		CE05C7B61D6D2C9C00E39EAA /* Calculator.h */ = {isa = PBXFileReference; lastKnownFileType = sourcecode.c.h; path = Calculator.h; sourceTree = "<group>"; };
		CE05C7B71D6D2CA500E39EAA /* Calculator.m */ = {isa = PBXFileReference; fileEncoding = 4; lastKnownFileType = sourcecode.c.objc; path = Calculator.m; sourceTree = "<group>"; };
/* End PBXFileReference section */

/* Begin PBXFrameworksBuildPhase section */
		CE05C7991D6D207700E39EAA /* Frameworks */ = {
			isa = PBXFrameworksBuildPhase;
			buildActionMask = 2147483647;
			files = (
			);
			runOnlyForDeploymentPostprocessing = 0;
		};
/* End PBXFrameworksBuildPhase section */

/* Begin PBXGroup section */
		CE05C7931D6D207700E39EAA = {
			isa = PBXGroup;
			children = (
				CE05C79E1D6D207700E39EAA /* Calculator */,
				CE05C79D1D6D207700E39EAA /* Products */,
			);
			sourceTree = "<group>";
		};
		CE05C79D1D6D207700E39EAA /* Products */ = {
			isa = PBXGroup;
			children = (
				CE05C79C1D6D207700E39EAA /* Calculator.app */,
			);
			name = Products;
			sourceTree = "<group>";
		};
		CE05C79E1D6D207700E39EAA /* Calculator */ = {
			isa = PBXGroup;
			children = (
				CE05C7B71D6D2CA500E39EAA /* Calculator.m */,
				CE05C7B61D6D2C9C00E39EAA /* Calculator.h */,
				CE05C7A21D6D207700E39EAA /* AppDelegate.h */,
				CE05C7A31D6D207700E39EAA /* AppDelegate.m */,
				CE05C7A51D6D207700E39EAA /* ViewController.h */,
				CE05C7A61D6D207700E39EAA /* ViewController.m */,
				CE05C7A81D6D207700E39EAA /* Main.storyboard */,
				CE05C7AB1D6D207700E39EAA /* Assets.xcassets */,
				CE05C7AD1D6D207700E39EAA /* LaunchScreen.storyboard */,
				CE05C7B01D6D207700E39EAA /* Info.plist */,
				CE05C79F1D6D207700E39EAA /* Supporting Files */,
			);
			path = Calculator;
			sourceTree = "<group>";
		};
		CE05C79F1D6D207700E39EAA /* Supporting Files */ = {
			isa = PBXGroup;
			children = (
				CE05C7A01D6D207700E39EAA /* main.m */,
			);
			name = "Supporting Files";
			sourceTree = "<group>";
		};
/* End PBXGroup section */

/* Begin PBXNativeTarget section */
		CE05C79B1D6D207700E39EAA /* Calculator */ = {
			isa = PBXNativeTarget;
			buildConfigurationList = CE05C7B31D6D207700E39EAA /* Build configuration list for PBXNativeTarget "Calculator" */;
			buildPhases = (
				CE05C7981D6D207700E39EAA /* Sources */,
				CE05C7991D6D207700E39EAA /* Frameworks */,
				CE05C79A1D6D207700E39EAA /* Resources */,
			);
			buildRules = (
			);
			dependencies = (
			);
			name = Calculator;
			productName = Calculator;
			productReference = CE05C79C1D6D207700E39EAA /* Calculator.app */;
			productType = "com.apple.product-type.application";
		};
/* End PBXNativeTarget section */

/* Begin PBXProject section */
		CE05C7941D6D207700E39EAA /* Project object */ = {
			isa = PBXProject;
			attributes = {
				LastUpgradeCheck = 0730;
				ORGANIZATIONNAME = LDCC;
				TargetAttributes = {
					CE05C79B1D6D207700E39EAA = {
						CreatedOnToolsVersion = 7.3.1;
					};
				};
			};
			buildConfigurationList = CE05C7971D6D207700E39EAA /* Build configuration list for PBXProject "Calculator" */;
			compatibilityVersion = "Xcode 3.2";
			developmentRegion = English;
			hasScannedForEncodings = 0;
			knownRegions = (
				en,
				Base,
			);
			mainGroup = CE05C7931D6D207700E39EAA;
			productRefGroup = CE05C79D1D6D207700E39EAA /* Products */;
			projectDirPath = "";
			projectRoot = "";
			targets = (
				CE05C79B1D6D207700E39EAA /* Calculator */,
			);
		};
/* End PBXProject section */

/* Begin PBXResourcesBuildPhase section */
		CE05C79A1D6D207700E39EAA /* Resources */ = {
			isa = PBXResourcesBuildPhase;
			buildActionMask = 2147483647;
			files = (
				CE05C7AF1D6D207700E39EAA /* LaunchScreen.storyboard in Resources */,
				CE05C7AC1D6D207700E39EAA /* Assets.xcassets in Resources */,
				CE05C7AA1D6D207700E39EAA /* Main.storyboard in Resources */,
			);
			runOnlyForDeploymentPostprocessing = 0;
		};
/* End PBXResourcesBuildPhase section */

/* Begin PBXSourcesBuildPhase section */
		CE05C7981D6D207700E39EAA /* Sources */ = {
			isa = PBXSourcesBuildPhase;
			buildActionMask = 2147483647;
			files = (
				CE05C7A71D6D207700E39EAA /* ViewController.m in Sources */,
				CE05C7B81D6D2CA500E39EAA /* Calculator.m in Sources */,
				CE05C7A41D6D207700E39EAA /* AppDelegate.m in Sources */,
				CE05C7A11D6D207700E39EAA /* main.m in Sources */,
			);
			runOnlyForDeploymentPostprocessing = 0;
		};
/* End PBXSourcesBuildPhase section */

/* Begin PBXVariantGroup section */
		CE05C7A81D6D207700E39EAA /* Main.storyboard */ = {
			isa = PBXVariantGroup;
			children = (
				CE05C7A91D6D207700E39EAA /* Base */,
			);
			name = Main.storyboard;
			sourceTree = "<group>";
		};
		CE05C7AD1D6D207700E39EAA /* LaunchScreen.storyboard */ = {
			isa = PBXVariantGroup;
			children = (
				CE05C7AE1D6D207700E39EAA /* Base */,
			);
			name = LaunchScreen.storyboard;
			sourceTree = "<group>";
		};
/* End PBXVariantGroup section */

/* Begin XCBuildConfiguration section */
		CE05C7B11D6D207700E39EAA /* Debug */ = {
			isa = XCBuildConfiguration;
			buildSettings = {
				ALWAYS_SEARCH_USER_PATHS = NO;
				CLANG_ANALYZER_NONNULL = YES;
				CLANG_CXX_LANGUAGE_STANDARD = "gnu++0x";
				CLANG_CXX_LIBRARY = "libc++";
				CLANG_ENABLE_MODULES = YES;
				CLANG_ENABLE_OBJC_ARC = YES;
				CLANG_WARN_BOOL_CONVERSION = YES;
				CLANG_WARN_CONSTANT_CONVERSION = YES;
				CLANG_WARN_DIRECT_OBJC_ISA_USAGE = YES_ERROR;
				CLANG_WARN_EMPTY_BODY = YES;
				CLANG_WARN_ENUM_CONVERSION = YES;
				CLANG_WARN_INT_CONVERSION = YES;
				CLANG_WARN_OBJC_ROOT_CLASS = YES_ERROR;
				CLANG_WARN_UNREACHABLE_CODE = YES;
				CLANG_WARN__DUPLICATE_METHOD_MATCH = YES;
				"CODE_SIGN_IDENTITY[sdk=iphoneos*]" = "iPhone Developer";
				COPY_PHASE_STRIP = NO;
				DEBUG_INFORMATION_FORMAT = dwarf;
				ENABLE_STRICT_OBJC_MSGSEND = YES;
				ENABLE_TESTABILITY = YES;
				GCC_C_LANGUAGE_STANDARD = gnu99;
				GCC_DYNAMIC_NO_PIC = NO;
				GCC_NO_COMMON_BLOCKS = YES;
				GCC_OPTIMIZATION_LEVEL = 0;
				GCC_PREPROCESSOR_DEFINITIONS = (
					"DEBUG=1",
					"$(inherited)",
				);
				GCC_WARN_64_TO_32_BIT_CONVERSION = YES;
				GCC_WARN_ABOUT_RETURN_TYPE = YES_ERROR;
				GCC_WARN_UNDECLARED_SELECTOR = YES;
				GCC_WARN_UNINITIALIZED_AUTOS = YES_AGGRESSIVE;
				GCC_WARN_UNUSED_FUNCTION = YES;
				GCC_WARN_UNUSED_VARIABLE = YES;
				IPHONEOS_DEPLOYMENT_TARGET = 9.3;
				MTL_ENABLE_DEBUG_INFO = YES;
				ONLY_ACTIVE_ARCH = YES;
				SDKROOT = iphoneos;
				TARGETED_DEVICE_FAMILY = "1,2";
			};
			name = Debug;
		};
		CE05C7B21D6D207700E39EAA /* Release */ = {
			isa = XCBuildConfiguration;
			buildSettings = {
				ALWAYS_SEARCH_USER_PATHS = NO;
				CLANG_ANALYZER_NONNULL = YES;
				CLANG_CXX_LANGUAGE_STANDARD = "gnu++0x";
				CLANG_CXX_LIBRARY = "libc++";
				CLANG_ENABLE_MODULES = YES;
				CLANG_ENABLE_OBJC_ARC = YES;
				CLANG_WARN_BOOL_CONVERSION = YES;
				CLANG_WARN_CONSTANT_CONVERSION = YES;
				CLANG_WARN_DIRECT_OBJC_ISA_USAGE = YES_ERROR;
				CLANG_WARN_EMPTY_BODY = YES;
				CLANG_WARN_ENUM_CONVERSION = YES;
				CLANG_WARN_INT_CONVERSION = YES;
				CLANG_WARN_OBJC_ROOT_CLASS = YES_ERROR;
				CLANG_WARN_UNREACHABLE_CODE = YES;
				CLANG_WARN__DUPLICATE_METHOD_MATCH = YES;
				"CODE_SIGN_IDENTITY[sdk=iphoneos*]" = "iPhone Developer";
				COPY_PHASE_STRIP = NO;
				DEBUG_INFORMATION_FORMAT = "dwarf-with-dsym";
				ENABLE_NS_ASSERTIONS = NO;
				ENABLE_STRICT_OBJC_MSGSEND = YES;
				GCC_C_LANGUAGE_STANDARD = gnu99;
				GCC_NO_COMMON_BLOCKS = YES;
				GCC_WARN_64_TO_32_BIT_CONVERSION = YES;
				GCC_WARN_ABOUT_RETURN_TYPE = YES_ERROR;
				GCC_WARN_UNDECLARED_SELECTOR = YES;
				GCC_WARN_UNINITIALIZED_AUTOS = YES_AGGRESSIVE;
				GCC_WARN_UNUSED_FUNCTION = YES;
				GCC_WARN_UNUSED_VARIABLE = YES;
				IPHONEOS_DEPLOYMENT_TARGET = 9.3;
				MTL_ENABLE_DEBUG_INFO = NO;
				SDKROOT = iphoneos;
				TARGETED_DEVICE_FAMILY = "1,2";
				VALIDATE_PRODUCT = YES;
			};
			name = Release;
		};
		CE05C7B41D6D207700E39EAA /* Debug */ = {
			isa = XCBuildConfiguration;
			buildSettings = {
				ASSETCATALOG_COMPILER_APPICON_NAME = AppIcon;
				INFOPLIST_FILE = Calculator/Info.plist;
				LD_RUNPATH_SEARCH_PATHS = "$(inherited) @executable_path/Frameworks";
				PRODUCT_BUNDLE_IDENTIFIER = net.lotte.www.Calculator;
				PRODUCT_NAME = "$(TARGET_NAME)";
			};
			name = Debug;
		};
		CE05C7B51D6D207700E39EAA /* Release */ = {
			isa = XCBuildConfiguration;
			buildSettings = {
				ASSETCATALOG_COMPILER_APPICON_NAME = AppIcon;
				INFOPLIST_FILE = Calculator/Info.plist;
				LD_RUNPATH_SEARCH_PATHS = "$(inherited) @executable_path/Frameworks";
				PRODUCT_BUNDLE_IDENTIFIER = net.lotte.www.Calculator;
				PRODUCT_NAME = "$(TARGET_NAME)";
			};
			name = Release;
		};
/* End XCBuildConfiguration section */

/* Begin XCConfigurationList section */
		CE05C7971D6D207700E39EAA /* Build configuration list for PBXProject "Calculator" */ = {
			isa = XCConfigurationList;
			buildConfigurations = (
				CE05C7B11D6D207700E39EAA /* Debug */,
				CE05C7B21D6D207700E39EAA /* Release */,
			);
			defaultConfigurationIsVisible = 0;
			defaultConfigurationName = Release;
		};
		CE05C7B31D6D207700E39EAA /* Build configuration list for PBXNativeTarget "Calculator" */ = {
			isa = XCConfigurationList;
			buildConfigurations = (
				CE05C7B41D6D207700E39EAA /* Debug */,
				CE05C7B51D6D207700E39EAA /* Release */,
			);
			defaultConfigurationIsVisible = 0;
		};
/* End XCConfigurationList section */
	};
	rootObject = CE05C7941D6D207700E39EAA /* Project object */;
}
